
Microsoft Visual Studio Solution File, Format Version 12.00
# Visual Studio 15
VisualStudioVersion = 15.0.28010.2016
MinimumVisualStudioVersion = 10.0.40219.1
Project("{FAE04EC0-301F-11D3-BF4B-00C04F79EFBC}") = "MHIOT", "MHIOT\MHIOT.csproj", "{32AB08D1-CB85-414F-9E76-6C85D804C537}"
EndProject
Project("{2150E333-8FDC-42A3-9474-1A3956D46DE8}") = "DataBase", "DataBase", "{BF424927-A472-45D1-BEFA-E54BB2989F86}"
EndProject
Project("{2150E333-8FDC-42A3-9474-1A3956D46DE8}") = "Scripts", "Scripts", "{FBB79DFA-9081-4AEF-AD57-4CF162D70E14}"
	ProjectSection(SolutionItems) = preProject
		Temperature.sql = Temperature.sql
	EndProjectSection
EndProject
Global
	GlobalSection(SolutionConfigurationPlatforms) = preSolution
		Debug|Any CPU = Debug|Any CPU
		Release|Any CPU = Release|Any CPU
	EndGlobalSection
	GlobalSection(ProjectConfigurationPlatforms) = postSolution
		{32AB08D1-CB85-414F-9E76-6C85D804C537}.Debug|Any CPU.ActiveCfg = Debug|Any CPU
		{32AB08D1-CB85-414F-9E76-6C85D804C537}.Debug|Any CPU.Build.0 = Debug|Any CPU
		{32AB08D1-CB85-414F-9E76-6C85D804C537}.Release|Any CPU.ActiveCfg = Release|Any CPU
		{32AB08D1-CB85-414F-9E76-6C85D804C537}.Release|Any CPU.Build.0 = Release|Any CPU
	EndGlobalSection
	GlobalSection(SolutionProperties) = preSolution
		HideSolutionNode = FALSE
	EndGlobalSection
	GlobalSection(NestedProjects) = preSolution
		{FBB79DFA-9081-4AEF-AD57-4CF162D70E14} = {BF424927-A472-45D1-BEFA-E54BB2989F86}
	EndGlobalSection
	GlobalSection(ExtensibilityGlobals) = postSolution
		SolutionGuid = {87C71D8C-8143-42BF-8921-8534FB4A6AAA}
	EndGlobalSection
EndGlobal
